
Microsoft Visual Studio Solution File, Format Version 12.00
# Visual Studio 14
VisualStudioVersion = 14.0.25420.1
MinimumVisualStudioVersion = 10.0.40219.1
Project("{FAE04EC0-301F-11D3-BF4B-00C04F79EFBC}") = "ElevenNote.Web", "ElevenNote.Web\ElevenNote.Web.csproj", "{8D0A2745-FFF5-4F41-9DAC-E03E4EE47AC0}"
EndProject
Project("{FAE04EC0-301F-11D3-BF4B-00C04F79EFBC}") = "ElevenNote.Data", "ElevenNote.Data\ElevenNote.Data.csproj", "{B0F9954E-4D90-42BE-9BCD-50D824830DC7}"
EndProject
Project("{FAE04EC0-301F-11D3-BF4B-00C04F79EFBC}") = "ElevenNote.Models", "ElevenNote.Models\ElevenNote.Models.csproj", "{EF56869D-F9D7-4473-A653-2EA33606E868}"
EndProject
Project("{FAE04EC0-301F-11D3-BF4B-00C04F79EFBC}") = "ElevenNote.Services", "ElevenNote.Services\ElevenNote.Services.csproj", "{9085BF48-F625-4A46-AA62-4EB63E79DAC0}"
EndProject
Project("{FAE04EC0-301F-11D3-BF4B-00C04F79EFBC}") = "ElevenNote.Web.Tests", "ElevenNote.Web.Tests\ElevenNote.Web.Tests.csproj", "{A6B5F5DC-A1C1-47C1-8234-514970A97527}"
EndProject
Project("{FAE04EC0-301F-11D3-BF4B-00C04F79EFBC}") = "ElevenNote.WebApi", "ElevenNote.WebApi\ElevenNote.WebApi.csproj", "{B3441B12-5D44-465A-8498-D02B37EAA276}"
EndProject
Project("{FAE04EC0-301F-11D3-BF4B-00C04F79EFBC}") = "ElevenNote.Mobile.Droid", "ElevenNote.Mobile\ElevenNote.Mobile.Droid\ElevenNote.Mobile.Droid.csproj", "{714BD6C8-7BEF-4E0A-8672-D84C3C7E5A0D}"
EndProject
Project("{FAE04EC0-301F-11D3-BF4B-00C04F79EFBC}") = "ElevenNote.Mobile.iOS", "ElevenNote.Mobile\ElevenNote.Mobile.iOS\ElevenNote.Mobile.iOS.csproj", "{685B3128-F1E8-4CE1-A1C2-A8E556A11BD9}"
EndProject
Project("{FAE04EC0-301F-11D3-BF4B-00C04F79EFBC}") = "ElevenNote.Mobile.WinPhone", "ElevenNote.Mobile\ElevenNote.Mobile.WinPhone\ElevenNote.Mobile.WinPhone.csproj", "{79E73D76-D0D9-44E8-B66B-D4EBB6D531B3}"
EndProject
Project("{FAE04EC0-301F-11D3-BF4B-00C04F79EFBC}") = "ElevenNote.Mobile.Windows", "ElevenNote.Mobile\ElevenNote.Mobile.Windows\ElevenNote.Mobile.Windows.csproj", "{BC0674A3-80C4-48B9-89F2-BF68AA42DEB3}"
EndProject
Project("{D954291E-2A0B-460D-934E-DC6B0785DB48}") = "ElevenNote.Mobile", "ElevenNote.Mobile\ElevenNote.Mobile\ElevenNote.Mobile.shproj", "{6783741A-07B1-4071-8F31-D321626C40E2}"
EndProject
Global
	GlobalSection(SharedMSBuildProjectFiles) = preSolution
		ElevenNote.Mobile\ElevenNote.Mobile\ElevenNote.Mobile.projitems*{6783741a-07b1-4071-8f31-d321626c40e2}*SharedItemsImports = 13
		ElevenNote.Mobile\ElevenNote.Mobile\ElevenNote.Mobile.projitems*{685b3128-f1e8-4ce1-a1c2-a8e556a11bd9}*SharedItemsImports = 4
		ElevenNote.Mobile\ElevenNote.Mobile\ElevenNote.Mobile.projitems*{714bd6c8-7bef-4e0a-8672-d84c3c7e5a0d}*SharedItemsImports = 4
		ElevenNote.Mobile\ElevenNote.Mobile\ElevenNote.Mobile.projitems*{79e73d76-d0d9-44e8-b66b-d4ebb6d531b3}*SharedItemsImports = 4
		ElevenNote.Mobile\ElevenNote.Mobile\ElevenNote.Mobile.projitems*{bc0674a3-80c4-48b9-89f2-bf68aa42deb3}*SharedItemsImports = 4
	EndGlobalSection
	GlobalSection(SolutionConfigurationPlatforms) = preSolution
		Ad-Hoc|Any CPU = Ad-Hoc|Any CPU
		Ad-Hoc|ARM = Ad-Hoc|ARM
		Ad-Hoc|iPhone = Ad-Hoc|iPhone
		Ad-Hoc|iPhoneSimulator = Ad-Hoc|iPhoneSimulator
		Ad-Hoc|x64 = Ad-Hoc|x64
		Ad-Hoc|x86 = Ad-Hoc|x86
		AppStore|Any CPU = AppStore|Any CPU
		AppStore|ARM = AppStore|ARM
		AppStore|iPhone = AppStore|iPhone
		AppStore|iPhoneSimulator = AppStore|iPhoneSimulator
		AppStore|x64 = AppStore|x64
		AppStore|x86 = AppStore|x86
		Debug|Any CPU = Debug|Any CPU
		Debug|ARM = Debug|ARM
		Debug|iPhone = Debug|iPhone
		Debug|iPhoneSimulator = Debug|iPhoneSimulator
		Debug|x64 = Debug|x64
		Debug|x86 = Debug|x86
		Release|Any CPU = Release|Any CPU
		Release|ARM = Release|ARM
		Release|iPhone = Release|iPhone
		Release|iPhoneSimulator = Release|iPhoneSimulator
		Release|x64 = Release|x64
		Release|x86 = Release|x86
	EndGlobalSection
	GlobalSection(ProjectConfigurationPlatforms) = postSolution
		{8D0A2745-FFF5-4F41-9DAC-E03E4EE47AC0}.Ad-Hoc|Any CPU.ActiveCfg = Release|Any CPU
		{8D0A2745-FFF5-4F41-9DAC-E03E4EE47AC0}.Ad-Hoc|Any CPU.Build.0 = Release|Any CPU
		{8D0A2745-FFF5-4F41-9DAC-E03E4EE47AC0}.Ad-Hoc|ARM.ActiveCfg = Release|Any CPU
		{8D0A2745-FFF5-4F41-9DAC-E03E4EE47AC0}.Ad-Hoc|ARM.Build.0 = Release|Any CPU
		{8D0A2745-FFF5-4F41-9DAC-E03E4EE47AC0}.Ad-Hoc|iPhone.ActiveCfg = Release|Any CPU
		{8D0A2745-FFF5-4F41-9DAC-E03E4EE47AC0}.Ad-Hoc|iPhone.Build.0 = Release|Any CPU
		{8D0A2745-FFF5-4F41-9DAC-E03E4EE47AC0}.Ad-Hoc|iPhoneSimulator.ActiveCfg = Release|Any CPU
		{8D0A2745-FFF5-4F41-9DAC-E03E4EE47AC0}.Ad-Hoc|iPhoneSimulator.Build.0 = Release|Any CPU
		{8D0A2745-FFF5-4F41-9DAC-E03E4EE47AC0}.Ad-Hoc|x64.ActiveCfg = Release|Any CPU
		{8D0A2745-FFF5-4F41-9DAC-E03E4EE47AC0}.Ad-Hoc|x64.Build.0 = Release|Any CPU
		{8D0A2745-FFF5-4F41-9DAC-E03E4EE47AC0}.Ad-Hoc|x86.ActiveCfg = Release|Any CPU
		{8D0A2745-FFF5-4F41-9DAC-E03E4EE47AC0}.Ad-Hoc|x86.Build.0 = Release|Any CPU
		{8D0A2745-FFF5-4F41-9DAC-E03E4EE47AC0}.AppStore|Any CPU.ActiveCfg = Release|Any CPU
		{8D0A2745-FFF5-4F41-9DAC-E03E4EE47AC0}.AppStore|Any CPU.Build.0 = Release|Any CPU
		{8D0A2745-FFF5-4F41-9DAC-E03E4EE47AC0}.AppStore|ARM.ActiveCfg = Release|Any CPU
		{8D0A2745-FFF5-4F41-9DAC-E03E4EE47AC0}.AppStore|ARM.Build.0 = Release|Any CPU
		{8D0A2745-FFF5-4F41-9DAC-E03E4EE47AC0}.AppStore|iPhone.ActiveCfg = Release|Any CPU
		{8D0A2745-FFF5-4F41-9DAC-E03E4EE47AC0}.AppStore|iPhone.Build.0 = Release|Any CPU
		{8D0A2745-FFF5-4F41-9DAC-E03E4EE47AC0}.AppStore|iPhoneSimulator.ActiveCfg = Release|Any CPU
		{8D0A2745-FFF5-4F41-9DAC-E03E4EE47AC0}.AppStore|iPhoneSimulator.Build.0 = Release|Any CPU
		{8D0A2745-FFF5-4F41-9DAC-E03E4EE47AC0}.AppStore|x64.ActiveCfg = Release|Any CPU
		{8D0A2745-FFF5-4F41-9DAC-E03E4EE47AC0}.AppStore|x64.Build.0 = Release|Any CPU
		{8D0A2745-FFF5-4F41-9DAC-E03E4EE47AC0}.AppStore|x86.ActiveCfg = Release|Any CPU
		{8D0A2745-FFF5-4F41-9DAC-E03E4EE47AC0}.AppStore|x86.Build.0 = Release|Any CPU
		{8D0A2745-FFF5-4F41-9DAC-E03E4EE47AC0}.Debug|Any CPU.ActiveCfg = Debug|Any CPU
		{8D0A2745-FFF5-4F41-9DAC-E03E4EE47AC0}.Debug|Any CPU.Build.0 = Debug|Any CPU
		{8D0A2745-FFF5-4F41-9DAC-E03E4EE47AC0}.Debug|ARM.ActiveCfg = Debug|Any CPU
		{8D0A2745-FFF5-4F41-9DAC-E03E4EE47AC0}.Debug|ARM.Build.0 = Debug|Any CPU
		{8D0A2745-FFF5-4F41-9DAC-E03E4EE47AC0}.Debug|iPhone.ActiveCfg = Debug|Any CPU
		{8D0A2745-FFF5-4F41-9DAC-E03E4EE47AC0}.Debug|iPhone.Build.0 = Debug|Any CPU
		{8D0A2745-FFF5-4F41-9DAC-E03E4EE47AC0}.Debug|iPhoneSimulator.ActiveCfg = Debug|Any CPU
		{8D0A2745-FFF5-4F41-9DAC-E03E4EE47AC0}.Debug|iPhoneSimulator.Build.0 = Debug|Any CPU
		{8D0A2745-FFF5-4F41-9DAC-E03E4EE47AC0}.Debug|x64.ActiveCfg = Debug|Any CPU
		{8D0A2745-FFF5-4F41-9DAC-E03E4EE47AC0}.Debug|x64.Build.0 = Debug|Any CPU
		{8D0A2745-FFF5-4F41-9DAC-E03E4EE47AC0}.Debug|x86.ActiveCfg = Debug|Any CPU
		{8D0A2745-FFF5-4F41-9DAC-E03E4EE47AC0}.Debug|x86.Build.0 = Debug|Any CPU
		{8D0A2745-FFF5-4F41-9DAC-E03E4EE47AC0}.Release|Any CPU.ActiveCfg = Release|Any CPU
		{8D0A2745-FFF5-4F41-9DAC-E03E4EE47AC0}.Release|Any CPU.Build.0 = Release|Any CPU
		{8D0A2745-FFF5-4F41-9DAC-E03E4EE47AC0}.Release|ARM.ActiveCfg = Release|Any CPU
		{8D0A2745-FFF5-4F41-9DAC-E03E4EE47AC0}.Release|ARM.Build.0 = Release|Any CPU
		{8D0A2745-FFF5-4F41-9DAC-E03E4EE47AC0}.Release|iPhone.ActiveCfg = Release|Any CPU
		{8D0A2745-FFF5-4F41-9DAC-E03E4EE47AC0}.Release|iPhone.Build.0 = Release|Any CPU
		{8D0A2745-FFF5-4F41-9DAC-E03E4EE47AC0}.Release|iPhoneSimulator.ActiveCfg = Release|Any CPU
		{8D0A2745-FFF5-4F41-9DAC-E03E4EE47AC0}.Release|iPhoneSimulator.Build.0 = Release|Any CPU
		{8D0A2745-FFF5-4F41-9DAC-E03E4EE47AC0}.Release|x64.ActiveCfg = Release|Any CPU
		{8D0A2745-FFF5-4F41-9DAC-E03E4EE47AC0}.Release|x64.Build.0 = Release|Any CPU
		{8D0A2745-FFF5-4F41-9DAC-E03E4EE47AC0}.Release|x86.ActiveCfg = Release|Any CPU
		{8D0A2745-FFF5-4F41-9DAC-E03E4EE47AC0}.Release|x86.Build.0 = Release|Any CPU
		{B0F9954E-4D90-42BE-9BCD-50D824830DC7}.Ad-Hoc|Any CPU.ActiveCfg = Release|Any CPU
		{B0F9954E-4D90-42BE-9BCD-50D824830DC7}.Ad-Hoc|Any CPU.Build.0 = Release|Any CPU
		{B0F9954E-4D90-42BE-9BCD-50D824830DC7}.Ad-Hoc|ARM.ActiveCfg = Release|Any CPU
		{B0F9954E-4D90-42BE-9BCD-50D824830DC7}.Ad-Hoc|ARM.Build.0 = Release|Any CPU
		{B0F9954E-4D90-42BE-9BCD-50D824830DC7}.Ad-Hoc|iPhone.ActiveCfg = Release|Any CPU
		{B0F9954E-4D90-42BE-9BCD-50D824830DC7}.Ad-Hoc|iPhone.Build.0 = Release|Any CPU
		{B0F9954E-4D90-42BE-9BCD-50D824830DC7}.Ad-Hoc|iPhoneSimulator.ActiveCfg = Release|Any CPU
		{B0F9954E-4D90-42BE-9BCD-50D824830DC7}.Ad-Hoc|iPhoneSimulator.Build.0 = Release|Any CPU
		{B0F9954E-4D90-42BE-9BCD-50D824830DC7}.Ad-Hoc|x64.ActiveCfg = Release|Any CPU
		{B0F9954E-4D90-42BE-9BCD-50D824830DC7}.Ad-Hoc|x64.Build.0 = Release|Any CPU
		{B0F9954E-4D90-42BE-9BCD-50D824830DC7}.Ad-Hoc|x86.ActiveCfg = Release|Any CPU
		{B0F9954E-4D90-42BE-9BCD-50D824830DC7}.Ad-Hoc|x86.Build.0 = Release|Any CPU
		{B0F9954E-4D90-42BE-9BCD-50D824830DC7}.AppStore|Any CPU.ActiveCfg = Release|Any CPU
		{B0F9954E-4D90-42BE-9BCD-50D824830DC7}.AppStore|Any CPU.Build.0 = Release|Any CPU
		{B0F9954E-4D90-42BE-9BCD-50D824830DC7}.AppStore|ARM.ActiveCfg = Release|Any CPU
		{B0F9954E-4D90-42BE-9BCD-50D824830DC7}.AppStore|ARM.Build.0 = Release|Any CPU
		{B0F9954E-4D90-42BE-9BCD-50D824830DC7}.AppStore|iPhone.ActiveCfg = Release|Any CPU
		{B0F9954E-4D90-42BE-9BCD-50D824830DC7}.AppStore|iPhone.Build.0 = Release|Any CPU
		{B0F9954E-4D90-42BE-9BCD-50D824830DC7}.AppStore|iPhoneSimulator.ActiveCfg = Release|Any CPU
		{B0F9954E-4D90-42BE-9BCD-50D824830DC7}.AppStore|iPhoneSimulator.Build.0 = Release|Any CPU
		{B0F9954E-4D90-42BE-9BCD-50D824830DC7}.AppStore|x64.ActiveCfg = Release|Any CPU
		{B0F9954E-4D90-42BE-9BCD-50D824830DC7}.AppStore|x64.Build.0 = Release|Any CPU
		{B0F9954E-4D90-42BE-9BCD-50D824830DC7}.AppStore|x86.ActiveCfg = Release|Any CPU
		{B0F9954E-4D90-42BE-9BCD-50D824830DC7}.AppStore|x86.Build.0 = Release|Any CPU
		{B0F9954E-4D90-42BE-9BCD-50D824830DC7}.Debug|Any CPU.ActiveCfg = Debug|Any CPU
		{B0F9954E-4D90-42BE-9BCD-50D824830DC7}.Debug|Any CPU.Build.0 = Debug|Any CPU
		{B0F9954E-4D90-42BE-9BCD-50D824830DC7}.Debug|ARM.ActiveCfg = Debug|Any CPU
		{B0F9954E-4D90-42BE-9BCD-50D824830DC7}.Debug|ARM.Build.0 = Debug|Any CPU
		{B0F9954E-4D90-42BE-9BCD-50D824830DC7}.Debug|iPhone.ActiveCfg = Debug|Any CPU
		{B0F9954E-4D90-42BE-9BCD-50D824830DC7}.Debug|iPhone.Build.0 = Debug|Any CPU
		{B0F9954E-4D90-42BE-9BCD-50D824830DC7}.Debug|iPhoneSimulator.ActiveCfg = Debug|Any CPU
		{B0F9954E-4D90-42BE-9BCD-50D824830DC7}.Debug|iPhoneSimulator.Build.0 = Debug|Any CPU
		{B0F9954E-4D90-42BE-9BCD-50D824830DC7}.Debug|x64.ActiveCfg = Debug|Any CPU
		{B0F9954E-4D90-42BE-9BCD-50D824830DC7}.Debug|x64.Build.0 = Debug|Any CPU
		{B0F9954E-4D90-42BE-9BCD-50D824830DC7}.Debug|x86.ActiveCfg = Debug|Any CPU
		{B0F9954E-4D90-42BE-9BCD-50D824830DC7}.Debug|x86.Build.0 = Debug|Any CPU
		{B0F9954E-4D90-42BE-9BCD-50D824830DC7}.Release|Any CPU.ActiveCfg = Release|Any CPU
		{B0F9954E-4D90-42BE-9BCD-50D824830DC7}.Release|Any CPU.Build.0 = Release|Any CPU
		{B0F9954E-4D90-42BE-9BCD-50D824830DC7}.Release|ARM.ActiveCfg = Release|Any CPU
		{B0F9954E-4D90-42BE-9BCD-50D824830DC7}.Release|ARM.Build.0 = Release|Any CPU
		{B0F9954E-4D90-42BE-9BCD-50D824830DC7}.Release|iPhone.ActiveCfg = Release|Any CPU
		{B0F9954E-4D90-42BE-9BCD-50D824830DC7}.Release|iPhone.Build.0 = Release|Any CPU
		{B0F9954E-4D90-42BE-9BCD-50D824830DC7}.Release|iPhoneSimulator.ActiveCfg = Release|Any CPU
		{B0F9954E-4D90-42BE-9BCD-50D824830DC7}.Release|iPhoneSimulator.Build.0 = Release|Any CPU
		{B0F9954E-4D90-42BE-9BCD-50D824830DC7}.Release|x64.ActiveCfg = Release|Any CPU
		{B0F9954E-4D90-42BE-9BCD-50D824830DC7}.Release|x64.Build.0 = Release|Any CPU
		{B0F9954E-4D90-42BE-9BCD-50D824830DC7}.Release|x86.ActiveCfg = Release|Any CPU
		{B0F9954E-4D90-42BE-9BCD-50D824830DC7}.Release|x86.Build.0 = Release|Any CPU
		{EF56869D-F9D7-4473-A653-2EA33606E868}.Ad-Hoc|Any CPU.ActiveCfg = Release|Any CPU
		{EF56869D-F9D7-4473-A653-2EA33606E868}.Ad-Hoc|Any CPU.Build.0 = Release|Any CPU
		{EF56869D-F9D7-4473-A653-2EA33606E868}.Ad-Hoc|ARM.ActiveCfg = Release|Any CPU
		{EF56869D-F9D7-4473-A653-2EA33606E868}.Ad-Hoc|ARM.Build.0 = Release|Any CPU
		{EF56869D-F9D7-4473-A653-2EA33606E868}.Ad-Hoc|iPhone.ActiveCfg = Release|Any CPU
		{EF56869D-F9D7-4473-A653-2EA33606E868}.Ad-Hoc|iPhone.Build.0 = Release|Any CPU
		{EF56869D-F9D7-4473-A653-2EA33606E868}.Ad-Hoc|iPhoneSimulator.ActiveCfg = Release|Any CPU
		{EF56869D-F9D7-4473-A653-2EA33606E868}.Ad-Hoc|iPhoneSimulator.Build.0 = Release|Any CPU
		{EF56869D-F9D7-4473-A653-2EA33606E868}.Ad-Hoc|x64.ActiveCfg = Release|Any CPU
		{EF56869D-F9D7-4473-A653-2EA33606E868}.Ad-Hoc|x64.Build.0 = Release|Any CPU
		{EF56869D-F9D7-4473-A653-2EA33606E868}.Ad-Hoc|x86.ActiveCfg = Release|Any CPU
		{EF56869D-F9D7-4473-A653-2EA33606E868}.Ad-Hoc|x86.Build.0 = Release|Any CPU
		{EF56869D-F9D7-4473-A653-2EA33606E868}.AppStore|Any CPU.ActiveCfg = Release|Any CPU
		{EF56869D-F9D7-4473-A653-2EA33606E868}.AppStore|Any CPU.Build.0 = Release|Any CPU
		{EF56869D-F9D7-4473-A653-2EA33606E868}.AppStore|ARM.ActiveCfg = Release|Any CPU
		{EF56869D-F9D7-4473-A653-2EA33606E868}.AppStore|ARM.Build.0 = Release|Any CPU
		{EF56869D-F9D7-4473-A653-2EA33606E868}.AppStore|iPhone.ActiveCfg = Release|Any CPU
		{EF56869D-F9D7-4473-A653-2EA33606E868}.AppStore|iPhone.Build.0 = Release|Any CPU
		{EF56869D-F9D7-4473-A653-2EA33606E868}.AppStore|iPhoneSimulator.ActiveCfg = Release|Any CPU
		{EF56869D-F9D7-4473-A653-2EA33606E868}.AppStore|iPhoneSimulator.Build.0 = Release|Any CPU
		{EF56869D-F9D7-4473-A653-2EA33606E868}.AppStore|x64.ActiveCfg = Release|Any CPU
		{EF56869D-F9D7-4473-A653-2EA33606E868}.AppStore|x64.Build.0 = Release|Any CPU
		{EF56869D-F9D7-4473-A653-2EA33606E868}.AppStore|x86.ActiveCfg = Release|Any CPU
		{EF56869D-F9D7-4473-A653-2EA33606E868}.AppStore|x86.Build.0 = Release|Any CPU
		{EF56869D-F9D7-4473-A653-2EA33606E868}.Debug|Any CPU.ActiveCfg = Debug|Any CPU
		{EF56869D-F9D7-4473-A653-2EA33606E868}.Debug|Any CPU.Build.0 = Debug|Any CPU
		{EF56869D-F9D7-4473-A653-2EA33606E868}.Debug|ARM.ActiveCfg = Debug|Any CPU
		{EF56869D-F9D7-4473-A653-2EA33606E868}.Debug|ARM.Build.0 = Debug|Any CPU
		{EF56869D-F9D7-4473-A653-2EA33606E868}.Debug|iPhone.ActiveCfg = Debug|Any CPU
		{EF56869D-F9D7-4473-A653-2EA33606E868}.Debug|iPhone.Build.0 = Debug|Any CPU
		{EF56869D-F9D7-4473-A653-2EA33606E868}.Debug|iPhoneSimulator.ActiveCfg = Debug|Any CPU
		{EF56869D-F9D7-4473-A653-2EA33606E868}.Debug|iPhoneSimulator.Build.0 = Debug|Any CPU
		{EF56869D-F9D7-4473-A653-2EA33606E868}.Debug|x64.ActiveCfg = Debug|Any CPU
		{EF56869D-F9D7-4473-A653-2EA33606E868}.Debug|x64.Build.0 = Debug|Any CPU
		{EF56869D-F9D7-4473-A653-2EA33606E868}.Debug|x86.ActiveCfg = Debug|Any CPU
		{EF56869D-F9D7-4473-A653-2EA33606E868}.Debug|x86.Build.0 = Debug|Any CPU
		{EF56869D-F9D7-4473-A653-2EA33606E868}.Release|Any CPU.ActiveCfg = Release|Any CPU
		{EF56869D-F9D7-4473-A653-2EA33606E868}.Release|Any CPU.Build.0 = Release|Any CPU
		{EF56869D-F9D7-4473-A653-2EA33606E868}.Release|ARM.ActiveCfg = Release|Any CPU
		{EF56869D-F9D7-4473-A653-2EA33606E868}.Release|ARM.Build.0 = Release|Any CPU
		{EF56869D-F9D7-4473-A653-2EA33606E868}.Release|iPhone.ActiveCfg = Release|Any CPU
		{EF56869D-F9D7-4473-A653-2EA33606E868}.Release|iPhone.Build.0 = Release|Any CPU
		{EF56869D-F9D7-4473-A653-2EA33606E868}.Release|iPhoneSimulator.ActiveCfg = Release|Any CPU
		{EF56869D-F9D7-4473-A653-2EA33606E868}.Release|iPhoneSimulator.Build.0 = Release|Any CPU
		{EF56869D-F9D7-4473-A653-2EA33606E868}.Release|x64.ActiveCfg = Release|Any CPU
		{EF56869D-F9D7-4473-A653-2EA33606E868}.Release|x64.Build.0 = Release|Any CPU
		{EF56869D-F9D7-4473-A653-2EA33606E868}.Release|x86.ActiveCfg = Release|Any CPU
		{EF56869D-F9D7-4473-A653-2EA33606E868}.Release|x86.Build.0 = Release|Any CPU
		{9085BF48-F625-4A46-AA62-4EB63E79DAC0}.Ad-Hoc|Any CPU.ActiveCfg = Release|Any CPU
		{9085BF48-F625-4A46-AA62-4EB63E79DAC0}.Ad-Hoc|Any CPU.Build.0 = Release|Any CPU
		{9085BF48-F625-4A46-AA62-4EB63E79DAC0}.Ad-Hoc|ARM.ActiveCfg = Release|Any CPU
		{9085BF48-F625-4A46-AA62-4EB63E79DAC0}.Ad-Hoc|ARM.Build.0 = Release|Any CPU
		{9085BF48-F625-4A46-AA62-4EB63E79DAC0}.Ad-Hoc|iPhone.ActiveCfg = Release|Any CPU
		{9085BF48-F625-4A46-AA62-4EB63E79DAC0}.Ad-Hoc|iPhone.Build.0 = Release|Any CPU
		{9085BF48-F625-4A46-AA62-4EB63E79DAC0}.Ad-Hoc|iPhoneSimulator.ActiveCfg = Release|Any CPU
		{9085BF48-F625-4A46-AA62-4EB63E79DAC0}.Ad-Hoc|iPhoneSimulator.Build.0 = Release|Any CPU
		{9085BF48-F625-4A46-AA62-4EB63E79DAC0}.Ad-Hoc|x64.ActiveCfg = Release|Any CPU
		{9085BF48-F625-4A46-AA62-4EB63E79DAC0}.Ad-Hoc|x64.Build.0 = Release|Any CPU
		{9085BF48-F625-4A46-AA62-4EB63E79DAC0}.Ad-Hoc|x86.ActiveCfg = Release|Any CPU
		{9085BF48-F625-4A46-AA62-4EB63E79DAC0}.Ad-Hoc|x86.Build.0 = Release|Any CPU
		{9085BF48-F625-4A46-AA62-4EB63E79DAC0}.AppStore|Any CPU.ActiveCfg = Release|Any CPU
		{9085BF48-F625-4A46-AA62-4EB63E79DAC0}.AppStore|Any CPU.Build.0 = Release|Any CPU
		{9085BF48-F625-4A46-AA62-4EB63E79DAC0}.AppStore|ARM.ActiveCfg = Release|Any CPU
		{9085BF48-F625-4A46-AA62-4EB63E79DAC0}.AppStore|ARM.Build.0 = Release|Any CPU
		{9085BF48-F625-4A46-AA62-4EB63E79DAC0}.AppStore|iPhone.ActiveCfg = Release|Any CPU
		{9085BF48-F625-4A46-AA62-4EB63E79DAC0}.AppStore|iPhone.Build.0 = Release|Any CPU
		{9085BF48-F625-4A46-AA62-4EB63E79DAC0}.AppStore|iPhoneSimulator.ActiveCfg = Release|Any CPU
		{9085BF48-F625-4A46-AA62-4EB63E79DAC0}.AppStore|iPhoneSimulator.Build.0 = Release|Any CPU
		{9085BF48-F625-4A46-AA62-4EB63E79DAC0}.AppStore|x64.ActiveCfg = Release|Any CPU
		{9085BF48-F625-4A46-AA62-4EB63E79DAC0}.AppStore|x64.Build.0 = Release|Any CPU
		{9085BF48-F625-4A46-AA62-4EB63E79DAC0}.AppStore|x86.ActiveCfg = Release|Any CPU
		{9085BF48-F625-4A46-AA62-4EB63E79DAC0}.AppStore|x86.Build.0 = Release|Any CPU
		{9085BF48-F625-4A46-AA62-4EB63E79DAC0}.Debug|Any CPU.ActiveCfg = Debug|Any CPU
		{9085BF48-F625-4A46-AA62-4EB63E79DAC0}.Debug|Any CPU.Build.0 = Debug|Any CPU
		{9085BF48-F625-4A46-AA62-4EB63E79DAC0}.Debug|ARM.ActiveCfg = Debug|Any CPU
		{9085BF48-F625-4A46-AA62-4EB63E79DAC0}.Debug|ARM.Build.0 = Debug|Any CPU
		{9085BF48-F625-4A46-AA62-4EB63E79DAC0}.Debug|iPhone.ActiveCfg = Debug|Any CPU
		{9085BF48-F625-4A46-AA62-4EB63E79DAC0}.Debug|iPhone.Build.0 = Debug|Any CPU
		{9085BF48-F625-4A46-AA62-4EB63E79DAC0}.Debug|iPhoneSimulator.ActiveCfg = Debug|Any CPU
		{9085BF48-F625-4A46-AA62-4EB63E79DAC0}.Debug|iPhoneSimulator.Build.0 = Debug|Any CPU
		{9085BF48-F625-4A46-AA62-4EB63E79DAC0}.Debug|x64.ActiveCfg = Debug|Any CPU
		{9085BF48-F625-4A46-AA62-4EB63E79DAC0}.Debug|x64.Build.0 = Debug|Any CPU
		{9085BF48-F625-4A46-AA62-4EB63E79DAC0}.Debug|x86.ActiveCfg = Debug|Any CPU
		{9085BF48-F625-4A46-AA62-4EB63E79DAC0}.Debug|x86.Build.0 = Debug|Any CPU
		{9085BF48-F625-4A46-AA62-4EB63E79DAC0}.Release|Any CPU.ActiveCfg = Release|Any CPU
		{9085BF48-F625-4A46-AA62-4EB63E79DAC0}.Release|Any CPU.Build.0 = Release|Any CPU
		{9085BF48-F625-4A46-AA62-4EB63E79DAC0}.Release|ARM.ActiveCfg = Release|Any CPU
		{9085BF48-F625-4A46-AA62-4EB63E79DAC0}.Release|ARM.Build.0 = Release|Any CPU
		{9085BF48-F625-4A46-AA62-4EB63E79DAC0}.Release|iPhone.ActiveCfg = Release|Any CPU
		{9085BF48-F625-4A46-AA62-4EB63E79DAC0}.Release|iPhone.Build.0 = Release|Any CPU
		{9085BF48-F625-4A46-AA62-4EB63E79DAC0}.Release|iPhoneSimulator.ActiveCfg = Release|Any CPU
		{9085BF48-F625-4A46-AA62-4EB63E79DAC0}.Release|iPhoneSimulator.Build.0 = Release|Any CPU
		{9085BF48-F625-4A46-AA62-4EB63E79DAC0}.Release|x64.ActiveCfg = Release|Any CPU
		{9085BF48-F625-4A46-AA62-4EB63E79DAC0}.Release|x64.Build.0 = Release|Any CPU
		{9085BF48-F625-4A46-AA62-4EB63E79DAC0}.Release|x86.ActiveCfg = Release|Any CPU
		{9085BF48-F625-4A46-AA62-4EB63E79DAC0}.Release|x86.Build.0 = Release|Any CPU
		{A6B5F5DC-A1C1-47C1-8234-514970A97527}.Ad-Hoc|Any CPU.ActiveCfg = Release|Any CPU
		{A6B5F5DC-A1C1-47C1-8234-514970A97527}.Ad-Hoc|Any CPU.Build.0 = Release|Any CPU
		{A6B5F5DC-A1C1-47C1-8234-514970A97527}.Ad-Hoc|ARM.ActiveCfg = Release|Any CPU
		{A6B5F5DC-A1C1-47C1-8234-514970A97527}.Ad-Hoc|ARM.Build.0 = Release|Any CPU
		{A6B5F5DC-A1C1-47C1-8234-514970A97527}.Ad-Hoc|iPhone.ActiveCfg = Release|Any CPU
		{A6B5F5DC-A1C1-47C1-8234-514970A97527}.Ad-Hoc|iPhone.Build.0 = Release|Any CPU
		{A6B5F5DC-A1C1-47C1-8234-514970A97527}.Ad-Hoc|iPhoneSimulator.ActiveCfg = Release|Any CPU
		{A6B5F5DC-A1C1-47C1-8234-514970A97527}.Ad-Hoc|iPhoneSimulator.Build.0 = Release|Any CPU
		{A6B5F5DC-A1C1-47C1-8234-514970A97527}.Ad-Hoc|x64.ActiveCfg = Release|Any CPU
		{A6B5F5DC-A1C1-47C1-8234-514970A97527}.Ad-Hoc|x64.Build.0 = Release|Any CPU
		{A6B5F5DC-A1C1-47C1-8234-514970A97527}.Ad-Hoc|x86.ActiveCfg = Release|Any CPU
		{A6B5F5DC-A1C1-47C1-8234-514970A97527}.Ad-Hoc|x86.Build.0 = Release|Any CPU
		{A6B5F5DC-A1C1-47C1-8234-514970A97527}.AppStore|Any CPU.ActiveCfg = Release|Any CPU
		{A6B5F5DC-A1C1-47C1-8234-514970A97527}.AppStore|Any CPU.Build.0 = Release|Any CPU
		{A6B5F5DC-A1C1-47C1-8234-514970A97527}.AppStore|ARM.ActiveCfg = Release|Any CPU
		{A6B5F5DC-A1C1-47C1-8234-514970A97527}.AppStore|ARM.Build.0 = Release|Any CPU
		{A6B5F5DC-A1C1-47C1-8234-514970A97527}.AppStore|iPhone.ActiveCfg = Release|Any CPU
		{A6B5F5DC-A1C1-47C1-8234-514970A97527}.AppStore|iPhone.Build.0 = Release|Any CPU
		{A6B5F5DC-A1C1-47C1-8234-514970A97527}.AppStore|iPhoneSimulator.ActiveCfg = Release|Any CPU
		{A6B5F5DC-A1C1-47C1-8234-514970A97527}.AppStore|iPhoneSimulator.Build.0 = Release|Any CPU
		{A6B5F5DC-A1C1-47C1-8234-514970A97527}.AppStore|x64.ActiveCfg = Release|Any CPU
		{A6B5F5DC-A1C1-47C1-8234-514970A97527}.AppStore|x64.Build.0 = Release|Any CPU
		{A6B5F5DC-A1C1-47C1-8234-514970A97527}.AppStore|x86.ActiveCfg = Release|Any CPU
		{A6B5F5DC-A1C1-47C1-8234-514970A97527}.AppStore|x86.Build.0 = Release|Any CPU
		{A6B5F5DC-A1C1-47C1-8234-514970A97527}.Debug|Any CPU.ActiveCfg = Debug|Any CPU
		{A6B5F5DC-A1C1-47C1-8234-514970A97527}.Debug|Any CPU.Build.0 = Debug|Any CPU
		{A6B5F5DC-A1C1-47C1-8234-514970A97527}.Debug|ARM.ActiveCfg = Debug|Any CPU
		{A6B5F5DC-A1C1-47C1-8234-514970A97527}.Debug|ARM.Build.0 = Debug|Any CPU
		{A6B5F5DC-A1C1-47C1-8234-514970A97527}.Debug|iPhone.ActiveCfg = Debug|Any CPU
		{A6B5F5DC-A1C1-47C1-8234-514970A97527}.Debug|iPhone.Build.0 = Debug|Any CPU
		{A6B5F5DC-A1C1-47C1-8234-514970A97527}.Debug|iPhoneSimulator.ActiveCfg = Debug|Any CPU
		{A6B5F5DC-A1C1-47C1-8234-514970A97527}.Debug|iPhoneSimulator.Build.0 = Debug|Any CPU
		{A6B5F5DC-A1C1-47C1-8234-514970A97527}.Debug|x64.ActiveCfg = Debug|Any CPU
		{A6B5F5DC-A1C1-47C1-8234-514970A97527}.Debug|x64.Build.0 = Debug|Any CPU
		{A6B5F5DC-A1C1-47C1-8234-514970A97527}.Debug|x86.ActiveCfg = Debug|Any CPU
		{A6B5F5DC-A1C1-47C1-8234-514970A97527}.Debug|x86.Build.0 = Debug|Any CPU
		{A6B5F5DC-A1C1-47C1-8234-514970A97527}.Release|Any CPU.ActiveCfg = Release|Any CPU
		{A6B5F5DC-A1C1-47C1-8234-514970A97527}.Release|Any CPU.Build.0 = Release|Any CPU
		{A6B5F5DC-A1C1-47C1-8234-514970A97527}.Release|ARM.ActiveCfg = Release|Any CPU
		{A6B5F5DC-A1C1-47C1-8234-514970A97527}.Release|ARM.Build.0 = Release|Any CPU
		{A6B5F5DC-A1C1-47C1-8234-514970A97527}.Release|iPhone.ActiveCfg = Release|Any CPU
		{A6B5F5DC-A1C1-47C1-8234-514970A97527}.Release|iPhone.Build.0 = Release|Any CPU
		{A6B5F5DC-A1C1-47C1-8234-514970A97527}.Release|iPhoneSimulator.ActiveCfg = Release|Any CPU
		{A6B5F5DC-A1C1-47C1-8234-514970A97527}.Release|iPhoneSimulator.Build.0 = Release|Any CPU
		{A6B5F5DC-A1C1-47C1-8234-514970A97527}.Release|x64.ActiveCfg = Release|Any CPU
		{A6B5F5DC-A1C1-47C1-8234-514970A97527}.Release|x64.Build.0 = Release|Any CPU
		{A6B5F5DC-A1C1-47C1-8234-514970A97527}.Release|x86.ActiveCfg = Release|Any CPU
		{A6B5F5DC-A1C1-47C1-8234-514970A97527}.Release|x86.Build.0 = Release|Any CPU
		{B3441B12-5D44-465A-8498-D02B37EAA276}.Ad-Hoc|Any CPU.ActiveCfg = Release|Any CPU
		{B3441B12-5D44-465A-8498-D02B37EAA276}.Ad-Hoc|Any CPU.Build.0 = Release|Any CPU
		{B3441B12-5D44-465A-8498-D02B37EAA276}.Ad-Hoc|ARM.ActiveCfg = Release|Any CPU
		{B3441B12-5D44-465A-8498-D02B37EAA276}.Ad-Hoc|ARM.Build.0 = Release|Any CPU
		{B3441B12-5D44-465A-8498-D02B37EAA276}.Ad-Hoc|iPhone.ActiveCfg = Release|Any CPU
		{B3441B12-5D44-465A-8498-D02B37EAA276}.Ad-Hoc|iPhone.Build.0 = Release|Any CPU
		{B3441B12-5D44-465A-8498-D02B37EAA276}.Ad-Hoc|iPhoneSimulator.ActiveCfg = Release|Any CPU
		{B3441B12-5D44-465A-8498-D02B37EAA276}.Ad-Hoc|iPhoneSimulator.Build.0 = Release|Any CPU
		{B3441B12-5D44-465A-8498-D02B37EAA276}.Ad-Hoc|x64.ActiveCfg = Release|Any CPU
		{B3441B12-5D44-465A-8498-D02B37EAA276}.Ad-Hoc|x64.Build.0 = Release|Any CPU
		{B3441B12-5D44-465A-8498-D02B37EAA276}.Ad-Hoc|x86.ActiveCfg = Release|Any CPU
		{B3441B12-5D44-465A-8498-D02B37EAA276}.Ad-Hoc|x86.Build.0 = Release|Any CPU
		{B3441B12-5D44-465A-8498-D02B37EAA276}.AppStore|Any CPU.ActiveCfg = Release|Any CPU
		{B3441B12-5D44-465A-8498-D02B37EAA276}.AppStore|Any CPU.Build.0 = Release|Any CPU
		{B3441B12-5D44-465A-8498-D02B37EAA276}.AppStore|ARM.ActiveCfg = Release|Any CPU
		{B3441B12-5D44-465A-8498-D02B37EAA276}.AppStore|ARM.Build.0 = Release|Any CPU
		{B3441B12-5D44-465A-8498-D02B37EAA276}.AppStore|iPhone.ActiveCfg = Release|Any CPU
		{B3441B12-5D44-465A-8498-D02B37EAA276}.AppStore|iPhone.Build.0 = Release|Any CPU
		{B3441B12-5D44-465A-8498-D02B37EAA276}.AppStore|iPhoneSimulator.ActiveCfg = Release|Any CPU
		{B3441B12-5D44-465A-8498-D02B37EAA276}.AppStore|iPhoneSimulator.Build.0 = Release|Any CPU
		{B3441B12-5D44-465A-8498-D02B37EAA276}.AppStore|x64.ActiveCfg = Release|Any CPU
		{B3441B12-5D44-465A-8498-D02B37EAA276}.AppStore|x64.Build.0 = Release|Any CPU
		{B3441B12-5D44-465A-8498-D02B37EAA276}.AppStore|x86.ActiveCfg = Release|Any CPU
		{B3441B12-5D44-465A-8498-D02B37EAA276}.AppStore|x86.Build.0 = Release|Any CPU
		{B3441B12-5D44-465A-8498-D02B37EAA276}.Debug|Any CPU.ActiveCfg = Debug|Any CPU
		{B3441B12-5D44-465A-8498-D02B37EAA276}.Debug|Any CPU.Build.0 = Debug|Any CPU
		{B3441B12-5D44-465A-8498-D02B37EAA276}.Debug|ARM.ActiveCfg = Debug|Any CPU
		{B3441B12-5D44-465A-8498-D02B37EAA276}.Debug|ARM.Build.0 = Debug|Any CPU
		{B3441B12-5D44-465A-8498-D02B37EAA276}.Debug|iPhone.ActiveCfg = Debug|Any CPU
		{B3441B12-5D44-465A-8498-D02B37EAA276}.Debug|iPhone.Build.0 = Debug|Any CPU
		{B3441B12-5D44-465A-8498-D02B37EAA276}.Debug|iPhoneSimulator.ActiveCfg = Debug|Any CPU
		{B3441B12-5D44-465A-8498-D02B37EAA276}.Debug|iPhoneSimulator.Build.0 = Debug|Any CPU
		{B3441B12-5D44-465A-8498-D02B37EAA276}.Debug|x64.ActiveCfg = Debug|Any CPU
		{B3441B12-5D44-465A-8498-D02B37EAA276}.Debug|x64.Build.0 = Debug|Any CPU
		{B3441B12-5D44-465A-8498-D02B37EAA276}.Debug|x86.ActiveCfg = Debug|Any CPU
		{B3441B12-5D44-465A-8498-D02B37EAA276}.Debug|x86.Build.0 = Debug|Any CPU
		{B3441B12-5D44-465A-8498-D02B37EAA276}.Release|Any CPU.ActiveCfg = Release|Any CPU
		{B3441B12-5D44-465A-8498-D02B37EAA276}.Release|Any CPU.Build.0 = Release|Any CPU
		{B3441B12-5D44-465A-8498-D02B37EAA276}.Release|ARM.ActiveCfg = Release|Any CPU
		{B3441B12-5D44-465A-8498-D02B37EAA276}.Release|ARM.Build.0 = Release|Any CPU
		{B3441B12-5D44-465A-8498-D02B37EAA276}.Release|iPhone.ActiveCfg = Release|Any CPU
		{B3441B12-5D44-465A-8498-D02B37EAA276}.Release|iPhone.Build.0 = Release|Any CPU
		{B3441B12-5D44-465A-8498-D02B37EAA276}.Release|iPhoneSimulator.ActiveCfg = Release|Any CPU
		{B3441B12-5D44-465A-8498-D02B37EAA276}.Release|iPhoneSimulator.Build.0 = Release|Any CPU
		{B3441B12-5D44-465A-8498-D02B37EAA276}.Release|x64.ActiveCfg = Release|Any CPU
		{B3441B12-5D44-465A-8498-D02B37EAA276}.Release|x64.Build.0 = Release|Any CPU
		{B3441B12-5D44-465A-8498-D02B37EAA276}.Release|x86.ActiveCfg = Release|Any CPU
		{B3441B12-5D44-465A-8498-D02B37EAA276}.Release|x86.Build.0 = Release|Any CPU
		{714BD6C8-7BEF-4E0A-8672-D84C3C7E5A0D}.Ad-Hoc|Any CPU.ActiveCfg = Release|Any CPU
		{714BD6C8-7BEF-4E0A-8672-D84C3C7E5A0D}.Ad-Hoc|Any CPU.Build.0 = Release|Any CPU
		{714BD6C8-7BEF-4E0A-8672-D84C3C7E5A0D}.Ad-Hoc|Any CPU.Deploy.0 = Release|Any CPU
		{714BD6C8-7BEF-4E0A-8672-D84C3C7E5A0D}.Ad-Hoc|ARM.ActiveCfg = Release|Any CPU
		{714BD6C8-7BEF-4E0A-8672-D84C3C7E5A0D}.Ad-Hoc|ARM.Build.0 = Release|Any CPU
		{714BD6C8-7BEF-4E0A-8672-D84C3C7E5A0D}.Ad-Hoc|ARM.Deploy.0 = Release|Any CPU
		{714BD6C8-7BEF-4E0A-8672-D84C3C7E5A0D}.Ad-Hoc|iPhone.ActiveCfg = Release|Any CPU
		{714BD6C8-7BEF-4E0A-8672-D84C3C7E5A0D}.Ad-Hoc|iPhone.Build.0 = Release|Any CPU
		{714BD6C8-7BEF-4E0A-8672-D84C3C7E5A0D}.Ad-Hoc|iPhone.Deploy.0 = Release|Any CPU
		{714BD6C8-7BEF-4E0A-8672-D84C3C7E5A0D}.Ad-Hoc|iPhoneSimulator.ActiveCfg = Release|Any CPU
		{714BD6C8-7BEF-4E0A-8672-D84C3C7E5A0D}.Ad-Hoc|iPhoneSimulator.Build.0 = Release|Any CPU
		{714BD6C8-7BEF-4E0A-8672-D84C3C7E5A0D}.Ad-Hoc|iPhoneSimulator.Deploy.0 = Release|Any CPU
		{714BD6C8-7BEF-4E0A-8672-D84C3C7E5A0D}.Ad-Hoc|x64.ActiveCfg = Release|Any CPU
		{714BD6C8-7BEF-4E0A-8672-D84C3C7E5A0D}.Ad-Hoc|x64.Build.0 = Release|Any CPU
		{714BD6C8-7BEF-4E0A-8672-D84C3C7E5A0D}.Ad-Hoc|x64.Deploy.0 = Release|Any CPU
		{714BD6C8-7BEF-4E0A-8672-D84C3C7E5A0D}.Ad-Hoc|x86.ActiveCfg = Release|Any CPU
		{714BD6C8-7BEF-4E0A-8672-D84C3C7E5A0D}.Ad-Hoc|x86.Build.0 = Release|Any CPU
		{714BD6C8-7BEF-4E0A-8672-D84C3C7E5A0D}.Ad-Hoc|x86.Deploy.0 = Release|Any CPU
		{714BD6C8-7BEF-4E0A-8672-D84C3C7E5A0D}.AppStore|Any CPU.ActiveCfg = Release|Any CPU
		{714BD6C8-7BEF-4E0A-8672-D84C3C7E5A0D}.AppStore|Any CPU.Build.0 = Release|Any CPU
		{714BD6C8-7BEF-4E0A-8672-D84C3C7E5A0D}.AppStore|Any CPU.Deploy.0 = Release|Any CPU
		{714BD6C8-7BEF-4E0A-8672-D84C3C7E5A0D}.AppStore|ARM.ActiveCfg = Release|Any CPU
		{714BD6C8-7BEF-4E0A-8672-D84C3C7E5A0D}.AppStore|ARM.Build.0 = Release|Any CPU
		{714BD6C8-7BEF-4E0A-8672-D84C3C7E5A0D}.AppStore|ARM.Deploy.0 = Release|Any CPU
		{714BD6C8-7BEF-4E0A-8672-D84C3C7E5A0D}.AppStore|iPhone.ActiveCfg = Release|Any CPU
		{714BD6C8-7BEF-4E0A-8672-D84C3C7E5A0D}.AppStore|iPhone.Build.0 = Release|Any CPU
		{714BD6C8-7BEF-4E0A-8672-D84C3C7E5A0D}.AppStore|iPhone.Deploy.0 = Release|Any CPU
		{714BD6C8-7BEF-4E0A-8672-D84C3C7E5A0D}.AppStore|iPhoneSimulator.ActiveCfg = Release|Any CPU
		{714BD6C8-7BEF-4E0A-8672-D84C3C7E5A0D}.AppStore|iPhoneSimulator.Build.0 = Release|Any CPU
		{714BD6C8-7BEF-4E0A-8672-D84C3C7E5A0D}.AppStore|iPhoneSimulator.Deploy.0 = Release|Any CPU
		{714BD6C8-7BEF-4E0A-8672-D84C3C7E5A0D}.AppStore|x64.ActiveCfg = Release|Any CPU
		{714BD6C8-7BEF-4E0A-8672-D84C3C7E5A0D}.AppStore|x64.Build.0 = Release|Any CPU
		{714BD6C8-7BEF-4E0A-8672-D84C3C7E5A0D}.AppStore|x64.Deploy.0 = Release|Any CPU
		{714BD6C8-7BEF-4E0A-8672-D84C3C7E5A0D}.AppStore|x86.ActiveCfg = Release|Any CPU
		{714BD6C8-7BEF-4E0A-8672-D84C3C7E5A0D}.AppStore|x86.Build.0 = Release|Any CPU
		{714BD6C8-7BEF-4E0A-8672-D84C3C7E5A0D}.AppStore|x86.Deploy.0 = Release|Any CPU
		{714BD6C8-7BEF-4E0A-8672-D84C3C7E5A0D}.Debug|Any CPU.ActiveCfg = Debug|Any CPU
		{714BD6C8-7BEF-4E0A-8672-D84C3C7E5A0D}.Debug|Any CPU.Build.0 = Debug|Any CPU
		{714BD6C8-7BEF-4E0A-8672-D84C3C7E5A0D}.Debug|Any CPU.Deploy.0 = Debug|Any CPU
		{714BD6C8-7BEF-4E0A-8672-D84C3C7E5A0D}.Debug|ARM.ActiveCfg = Debug|Any CPU
		{714BD6C8-7BEF-4E0A-8672-D84C3C7E5A0D}.Debug|ARM.Build.0 = Debug|Any CPU
		{714BD6C8-7BEF-4E0A-8672-D84C3C7E5A0D}.Debug|ARM.Deploy.0 = Debug|Any CPU
		{714BD6C8-7BEF-4E0A-8672-D84C3C7E5A0D}.Debug|iPhone.ActiveCfg = Debug|Any CPU
		{714BD6C8-7BEF-4E0A-8672-D84C3C7E5A0D}.Debug|iPhone.Build.0 = Debug|Any CPU
		{714BD6C8-7BEF-4E0A-8672-D84C3C7E5A0D}.Debug|iPhone.Deploy.0 = Debug|Any CPU
		{714BD6C8-7BEF-4E0A-8672-D84C3C7E5A0D}.Debug|iPhoneSimulator.ActiveCfg = Debug|Any CPU
		{714BD6C8-7BEF-4E0A-8672-D84C3C7E5A0D}.Debug|iPhoneSimulator.Build.0 = Debug|Any CPU
		{714BD6C8-7BEF-4E0A-8672-D84C3C7E5A0D}.Debug|iPhoneSimulator.Deploy.0 = Debug|Any CPU
		{714BD6C8-7BEF-4E0A-8672-D84C3C7E5A0D}.Debug|x64.ActiveCfg = Debug|Any CPU
		{714BD6C8-7BEF-4E0A-8672-D84C3C7E5A0D}.Debug|x64.Build.0 = Debug|Any CPU
		{714BD6C8-7BEF-4E0A-8672-D84C3C7E5A0D}.Debug|x64.Deploy.0 = Debug|Any CPU
		{714BD6C8-7BEF-4E0A-8672-D84C3C7E5A0D}.Debug|x86.ActiveCfg = Debug|Any CPU
		{714BD6C8-7BEF-4E0A-8672-D84C3C7E5A0D}.Debug|x86.Build.0 = Debug|Any CPU
		{714BD6C8-7BEF-4E0A-8672-D84C3C7E5A0D}.Debug|x86.Deploy.0 = Debug|Any CPU
		{714BD6C8-7BEF-4E0A-8672-D84C3C7E5A0D}.Release|Any CPU.ActiveCfg = Release|Any CPU
		{714BD6C8-7BEF-4E0A-8672-D84C3C7E5A0D}.Release|Any CPU.Build.0 = Release|Any CPU
		{714BD6C8-7BEF-4E0A-8672-D84C3C7E5A0D}.Release|Any CPU.Deploy.0 = Release|Any CPU
		{714BD6C8-7BEF-4E0A-8672-D84C3C7E5A0D}.Release|ARM.ActiveCfg = Release|Any CPU
		{714BD6C8-7BEF-4E0A-8672-D84C3C7E5A0D}.Release|ARM.Build.0 = Release|Any CPU
		{714BD6C8-7BEF-4E0A-8672-D84C3C7E5A0D}.Release|ARM.Deploy.0 = Release|Any CPU
		{714BD6C8-7BEF-4E0A-8672-D84C3C7E5A0D}.Release|iPhone.ActiveCfg = Release|Any CPU
		{714BD6C8-7BEF-4E0A-8672-D84C3C7E5A0D}.Release|iPhone.Build.0 = Release|Any CPU
		{714BD6C8-7BEF-4E0A-8672-D84C3C7E5A0D}.Release|iPhone.Deploy.0 = Release|Any CPU
		{714BD6C8-7BEF-4E0A-8672-D84C3C7E5A0D}.Release|iPhoneSimulator.ActiveCfg = Release|Any CPU
		{714BD6C8-7BEF-4E0A-8672-D84C3C7E5A0D}.Release|iPhoneSimulator.Build.0 = Release|Any CPU
		{714BD6C8-7BEF-4E0A-8672-D84C3C7E5A0D}.Release|iPhoneSimulator.Deploy.0 = Release|Any CPU
		{714BD6C8-7BEF-4E0A-8672-D84C3C7E5A0D}.Release|x64.ActiveCfg = Release|Any CPU
		{714BD6C8-7BEF-4E0A-8672-D84C3C7E5A0D}.Release|x64.Build.0 = Release|Any CPU
		{714BD6C8-7BEF-4E0A-8672-D84C3C7E5A0D}.Release|x64.Deploy.0 = Release|Any CPU
		{714BD6C8-7BEF-4E0A-8672-D84C3C7E5A0D}.Release|x86.ActiveCfg = Release|Any CPU
		{714BD6C8-7BEF-4E0A-8672-D84C3C7E5A0D}.Release|x86.Build.0 = Release|Any CPU
		{714BD6C8-7BEF-4E0A-8672-D84C3C7E5A0D}.Release|x86.Deploy.0 = Release|Any CPU
		{685B3128-F1E8-4CE1-A1C2-A8E556A11BD9}.Ad-Hoc|Any CPU.ActiveCfg = Ad-Hoc|iPhone
		{685B3128-F1E8-4CE1-A1C2-A8E556A11BD9}.Ad-Hoc|ARM.ActiveCfg = Ad-Hoc|iPhone
		{685B3128-F1E8-4CE1-A1C2-A8E556A11BD9}.Ad-Hoc|iPhone.ActiveCfg = Ad-Hoc|iPhone
		{685B3128-F1E8-4CE1-A1C2-A8E556A11BD9}.Ad-Hoc|iPhone.Build.0 = Ad-Hoc|iPhone
		{685B3128-F1E8-4CE1-A1C2-A8E556A11BD9}.Ad-Hoc|iPhoneSimulator.ActiveCfg = Ad-Hoc|iPhoneSimulator
		{685B3128-F1E8-4CE1-A1C2-A8E556A11BD9}.Ad-Hoc|iPhoneSimulator.Build.0 = Ad-Hoc|iPhoneSimulator
		{685B3128-F1E8-4CE1-A1C2-A8E556A11BD9}.Ad-Hoc|x64.ActiveCfg = Ad-Hoc|iPhone
		{685B3128-F1E8-4CE1-A1C2-A8E556A11BD9}.Ad-Hoc|x86.ActiveCfg = Ad-Hoc|iPhone
		{685B3128-F1E8-4CE1-A1C2-A8E556A11BD9}.AppStore|Any CPU.ActiveCfg = AppStore|iPhone
		{685B3128-F1E8-4CE1-A1C2-A8E556A11BD9}.AppStore|ARM.ActiveCfg = AppStore|iPhone
		{685B3128-F1E8-4CE1-A1C2-A8E556A11BD9}.AppStore|iPhone.ActiveCfg = AppStore|iPhone
		{685B3128-F1E8-4CE1-A1C2-A8E556A11BD9}.AppStore|iPhone.Build.0 = AppStore|iPhone
		{685B3128-F1E8-4CE1-A1C2-A8E556A11BD9}.AppStore|iPhoneSimulator.ActiveCfg = AppStore|iPhoneSimulator
		{685B3128-F1E8-4CE1-A1C2-A8E556A11BD9}.AppStore|iPhoneSimulator.Build.0 = AppStore|iPhoneSimulator
		{685B3128-F1E8-4CE1-A1C2-A8E556A11BD9}.AppStore|x64.ActiveCfg = AppStore|iPhone
		{685B3128-F1E8-4CE1-A1C2-A8E556A11BD9}.AppStore|x86.ActiveCfg = AppStore|iPhone
		{685B3128-F1E8-4CE1-A1C2-A8E556A11BD9}.Debug|Any CPU.ActiveCfg = Debug|iPhone
		{685B3128-F1E8-4CE1-A1C2-A8E556A11BD9}.Debug|ARM.ActiveCfg = Debug|iPhone
		{685B3128-F1E8-4CE1-A1C2-A8E556A11BD9}.Debug|iPhone.ActiveCfg = Debug|iPhone
		{685B3128-F1E8-4CE1-A1C2-A8E556A11BD9}.Debug|iPhone.Build.0 = Debug|iPhone
		{685B3128-F1E8-4CE1-A1C2-A8E556A11BD9}.Debug|iPhoneSimulator.ActiveCfg = Debug|iPhoneSimulator
		{685B3128-F1E8-4CE1-A1C2-A8E556A11BD9}.Debug|iPhoneSimulator.Build.0 = Debug|iPhoneSimulator
		{685B3128-F1E8-4CE1-A1C2-A8E556A11BD9}.Debug|x64.ActiveCfg = Debug|iPhone
		{685B3128-F1E8-4CE1-A1C2-A8E556A11BD9}.Debug|x86.ActiveCfg = Debug|iPhone
		{685B3128-F1E8-4CE1-A1C2-A8E556A11BD9}.Release|Any CPU.ActiveCfg = Release|iPhone
		{685B3128-F1E8-4CE1-A1C2-A8E556A11BD9}.Release|ARM.ActiveCfg = Release|iPhone
		{685B3128-F1E8-4CE1-A1C2-A8E556A11BD9}.Release|iPhone.ActiveCfg = Release|iPhone
		{685B3128-F1E8-4CE1-A1C2-A8E556A11BD9}.Release|iPhone.Build.0 = Release|iPhone
		{685B3128-F1E8-4CE1-A1C2-A8E556A11BD9}.Release|iPhoneSimulator.ActiveCfg = Release|iPhoneSimulator
		{685B3128-F1E8-4CE1-A1C2-A8E556A11BD9}.Release|iPhoneSimulator.Build.0 = Release|iPhoneSimulator
		{685B3128-F1E8-4CE1-A1C2-A8E556A11BD9}.Release|x64.ActiveCfg = Release|iPhone
		{685B3128-F1E8-4CE1-A1C2-A8E556A11BD9}.Release|x86.ActiveCfg = Release|iPhone
		{79E73D76-D0D9-44E8-B66B-D4EBB6D531B3}.Ad-Hoc|Any CPU.ActiveCfg = Release|Any CPU
		{79E73D76-D0D9-44E8-B66B-D4EBB6D531B3}.Ad-Hoc|Any CPU.Build.0 = Release|Any CPU
		{79E73D76-D0D9-44E8-B66B-D4EBB6D531B3}.Ad-Hoc|Any CPU.Deploy.0 = Release|Any CPU
		{79E73D76-D0D9-44E8-B66B-D4EBB6D531B3}.Ad-Hoc|ARM.ActiveCfg = Release|ARM
		{79E73D76-D0D9-44E8-B66B-D4EBB6D531B3}.Ad-Hoc|ARM.Build.0 = Release|ARM
		{79E73D76-D0D9-44E8-B66B-D4EBB6D531B3}.Ad-Hoc|ARM.Deploy.0 = Release|ARM
		{79E73D76-D0D9-44E8-B66B-D4EBB6D531B3}.Ad-Hoc|iPhone.ActiveCfg = Release|Any CPU
		{79E73D76-D0D9-44E8-B66B-D4EBB6D531B3}.Ad-Hoc|iPhone.Build.0 = Release|Any CPU
		{79E73D76-D0D9-44E8-B66B-D4EBB6D531B3}.Ad-Hoc|iPhone.Deploy.0 = Release|Any CPU
		{79E73D76-D0D9-44E8-B66B-D4EBB6D531B3}.Ad-Hoc|iPhoneSimulator.ActiveCfg = Release|Any CPU
		{79E73D76-D0D9-44E8-B66B-D4EBB6D531B3}.Ad-Hoc|iPhoneSimulator.Build.0 = Release|Any CPU
		{79E73D76-D0D9-44E8-B66B-D4EBB6D531B3}.Ad-Hoc|iPhoneSimulator.Deploy.0 = Release|Any CPU
		{79E73D76-D0D9-44E8-B66B-D4EBB6D531B3}.Ad-Hoc|x64.ActiveCfg = Release|Any CPU
		{79E73D76-D0D9-44E8-B66B-D4EBB6D531B3}.Ad-Hoc|x64.Build.0 = Release|Any CPU
		{79E73D76-D0D9-44E8-B66B-D4EBB6D531B3}.Ad-Hoc|x64.Deploy.0 = Release|Any CPU
		{79E73D76-D0D9-44E8-B66B-D4EBB6D531B3}.Ad-Hoc|x86.ActiveCfg = Release|x86
		{79E73D76-D0D9-44E8-B66B-D4EBB6D531B3}.Ad-Hoc|x86.Build.0 = Release|x86
		{79E73D76-D0D9-44E8-B66B-D4EBB6D531B3}.Ad-Hoc|x86.Deploy.0 = Release|x86
		{79E73D76-D0D9-44E8-B66B-D4EBB6D531B3}.AppStore|Any CPU.ActiveCfg = Release|Any CPU
		{79E73D76-D0D9-44E8-B66B-D4EBB6D531B3}.AppStore|Any CPU.Build.0 = Release|Any CPU
		{79E73D76-D0D9-44E8-B66B-D4EBB6D531B3}.AppStore|Any CPU.Deploy.0 = Release|Any CPU
		{79E73D76-D0D9-44E8-B66B-D4EBB6D531B3}.AppStore|ARM.ActiveCfg = Release|ARM
		{79E73D76-D0D9-44E8-B66B-D4EBB6D531B3}.AppStore|ARM.Build.0 = Release|ARM
		{79E73D76-D0D9-44E8-B66B-D4EBB6D531B3}.AppStore|ARM.Deploy.0 = Release|ARM
		{79E73D76-D0D9-44E8-B66B-D4EBB6D531B3}.AppStore|iPhone.ActiveCfg = Release|Any CPU
		{79E73D76-D0D9-44E8-B66B-D4EBB6D531B3}.AppStore|iPhone.Build.0 = Release|Any CPU
		{79E73D76-D0D9-44E8-B66B-D4EBB6D531B3}.AppStore|iPhone.Deploy.0 = Release|Any CPU
		{79E73D76-D0D9-44E8-B66B-D4EBB6D531B3}.AppStore|iPhoneSimulator.ActiveCfg = Release|Any CPU
		{79E73D76-D0D9-44E8-B66B-D4EBB6D531B3}.AppStore|iPhoneSimulator.Build.0 = Release|Any CPU
		{79E73D76-D0D9-44E8-B66B-D4EBB6D531B3}.AppStore|iPhoneSimulator.Deploy.0 = Release|Any CPU
		{79E73D76-D0D9-44E8-B66B-D4EBB6D531B3}.AppStore|x64.ActiveCfg = Release|Any CPU
		{79E73D76-D0D9-44E8-B66B-D4EBB6D531B3}.AppStore|x64.Build.0 = Release|Any CPU
		{79E73D76-D0D9-44E8-B66B-D4EBB6D531B3}.AppStore|x64.Deploy.0 = Release|Any CPU
		{79E73D76-D0D9-44E8-B66B-D4EBB6D531B3}.AppStore|x86.ActiveCfg = Release|x86
		{79E73D76-D0D9-44E8-B66B-D4EBB6D531B3}.AppStore|x86.Build.0 = Release|x86
		{79E73D76-D0D9-44E8-B66B-D4EBB6D531B3}.AppStore|x86.Deploy.0 = Release|x86
		{79E73D76-D0D9-44E8-B66B-D4EBB6D531B3}.Debug|Any CPU.ActiveCfg = Debug|Any CPU
		{79E73D76-D0D9-44E8-B66B-D4EBB6D531B3}.Debug|Any CPU.Build.0 = Debug|Any CPU
		{79E73D76-D0D9-44E8-B66B-D4EBB6D531B3}.Debug|Any CPU.Deploy.0 = Debug|Any CPU
		{79E73D76-D0D9-44E8-B66B-D4EBB6D531B3}.Debug|ARM.ActiveCfg = Debug|ARM
		{79E73D76-D0D9-44E8-B66B-D4EBB6D531B3}.Debug|ARM.Build.0 = Debug|ARM
		{79E73D76-D0D9-44E8-B66B-D4EBB6D531B3}.Debug|ARM.Deploy.0 = Debug|ARM
		{79E73D76-D0D9-44E8-B66B-D4EBB6D531B3}.Debug|iPhone.ActiveCfg = Debug|Any CPU
		{79E73D76-D0D9-44E8-B66B-D4EBB6D531B3}.Debug|iPhone.Build.0 = Debug|Any CPU
		{79E73D76-D0D9-44E8-B66B-D4EBB6D531B3}.Debug|iPhone.Deploy.0 = Debug|Any CPU
		{79E73D76-D0D9-44E8-B66B-D4EBB6D531B3}.Debug|iPhoneSimulator.ActiveCfg = Debug|Any CPU
		{79E73D76-D0D9-44E8-B66B-D4EBB6D531B3}.Debug|iPhoneSimulator.Build.0 = Debug|Any CPU
		{79E73D76-D0D9-44E8-B66B-D4EBB6D531B3}.Debug|iPhoneSimulator.Deploy.0 = Debug|Any CPU
		{79E73D76-D0D9-44E8-B66B-D4EBB6D531B3}.Debug|x64.ActiveCfg = Debug|Any CPU
		{79E73D76-D0D9-44E8-B66B-D4EBB6D531B3}.Debug|x64.Build.0 = Debug|Any CPU
		{79E73D76-D0D9-44E8-B66B-D4EBB6D531B3}.Debug|x64.Deploy.0 = Debug|Any CPU
		{79E73D76-D0D9-44E8-B66B-D4EBB6D531B3}.Debug|x86.ActiveCfg = Debug|x86
		{79E73D76-D0D9-44E8-B66B-D4EBB6D531B3}.Debug|x86.Build.0 = Debug|x86
		{79E73D76-D0D9-44E8-B66B-D4EBB6D531B3}.Debug|x86.Deploy.0 = Debug|x86
		{79E73D76-D0D9-44E8-B66B-D4EBB6D531B3}.Release|Any CPU.ActiveCfg = Release|Any CPU
		{79E73D76-D0D9-44E8-B66B-D4EBB6D531B3}.Release|Any CPU.Build.0 = Release|Any CPU
		{79E73D76-D0D9-44E8-B66B-D4EBB6D531B3}.Release|Any CPU.Deploy.0 = Release|Any CPU
		{79E73D76-D0D9-44E8-B66B-D4EBB6D531B3}.Release|ARM.ActiveCfg = Release|ARM
		{79E73D76-D0D9-44E8-B66B-D4EBB6D531B3}.Release|ARM.Build.0 = Release|ARM
		{79E73D76-D0D9-44E8-B66B-D4EBB6D531B3}.Release|ARM.Deploy.0 = Release|ARM
		{79E73D76-D0D9-44E8-B66B-D4EBB6D531B3}.Release|iPhone.ActiveCfg = Release|Any CPU
		{79E73D76-D0D9-44E8-B66B-D4EBB6D531B3}.Release|iPhone.Build.0 = Release|Any CPU
		{79E73D76-D0D9-44E8-B66B-D4EBB6D531B3}.Release|iPhone.Deploy.0 = Release|Any CPU
		{79E73D76-D0D9-44E8-B66B-D4EBB6D531B3}.Release|iPhoneSimulator.ActiveCfg = Release|Any CPU
		{79E73D76-D0D9-44E8-B66B-D4EBB6D531B3}.Release|iPhoneSimulator.Build.0 = Release|Any CPU
		{79E73D76-D0D9-44E8-B66B-D4EBB6D531B3}.Release|iPhoneSimulator.Deploy.0 = Release|Any CPU
		{79E73D76-D0D9-44E8-B66B-D4EBB6D531B3}.Release|x64.ActiveCfg = Release|Any CPU
		{79E73D76-D0D9-44E8-B66B-D4EBB6D531B3}.Release|x64.Build.0 = Release|Any CPU
		{79E73D76-D0D9-44E8-B66B-D4EBB6D531B3}.Release|x64.Deploy.0 = Release|Any CPU
		{79E73D76-D0D9-44E8-B66B-D4EBB6D531B3}.Release|x86.ActiveCfg = Release|x86
		{79E73D76-D0D9-44E8-B66B-D4EBB6D531B3}.Release|x86.Build.0 = Release|x86
		{79E73D76-D0D9-44E8-B66B-D4EBB6D531B3}.Release|x86.Deploy.0 = Release|x86
		{BC0674A3-80C4-48B9-89F2-BF68AA42DEB3}.Ad-Hoc|Any CPU.ActiveCfg = Release|Any CPU
		{BC0674A3-80C4-48B9-89F2-BF68AA42DEB3}.Ad-Hoc|Any CPU.Build.0 = Release|Any CPU
		{BC0674A3-80C4-48B9-89F2-BF68AA42DEB3}.Ad-Hoc|Any CPU.Deploy.0 = Release|Any CPU
		{BC0674A3-80C4-48B9-89F2-BF68AA42DEB3}.Ad-Hoc|ARM.ActiveCfg = Release|ARM
		{BC0674A3-80C4-48B9-89F2-BF68AA42DEB3}.Ad-Hoc|ARM.Build.0 = Release|ARM
		{BC0674A3-80C4-48B9-89F2-BF68AA42DEB3}.Ad-Hoc|ARM.Deploy.0 = Release|ARM
		{BC0674A3-80C4-48B9-89F2-BF68AA42DEB3}.Ad-Hoc|iPhone.ActiveCfg = Release|Any CPU
		{BC0674A3-80C4-48B9-89F2-BF68AA42DEB3}.Ad-Hoc|iPhone.Build.0 = Release|Any CPU
		{BC0674A3-80C4-48B9-89F2-BF68AA42DEB3}.Ad-Hoc|iPhone.Deploy.0 = Release|Any CPU
		{BC0674A3-80C4-48B9-89F2-BF68AA42DEB3}.Ad-Hoc|iPhoneSimulator.ActiveCfg = Release|Any CPU
		{BC0674A3-80C4-48B9-89F2-BF68AA42DEB3}.Ad-Hoc|iPhoneSimulator.Build.0 = Release|Any CPU
		{BC0674A3-80C4-48B9-89F2-BF68AA42DEB3}.Ad-Hoc|iPhoneSimulator.Deploy.0 = Release|Any CPU
		{BC0674A3-80C4-48B9-89F2-BF68AA42DEB3}.Ad-Hoc|x64.ActiveCfg = Release|x64
		{BC0674A3-80C4-48B9-89F2-BF68AA42DEB3}.Ad-Hoc|x64.Build.0 = Release|x64
		{BC0674A3-80C4-48B9-89F2-BF68AA42DEB3}.Ad-Hoc|x64.Deploy.0 = Release|x64
		{BC0674A3-80C4-48B9-89F2-BF68AA42DEB3}.Ad-Hoc|x86.ActiveCfg = Release|x86
		{BC0674A3-80C4-48B9-89F2-BF68AA42DEB3}.Ad-Hoc|x86.Build.0 = Release|x86
		{BC0674A3-80C4-48B9-89F2-BF68AA42DEB3}.Ad-Hoc|x86.Deploy.0 = Release|x86
		{BC0674A3-80C4-48B9-89F2-BF68AA42DEB3}.AppStore|Any CPU.ActiveCfg = Release|Any CPU
		{BC0674A3-80C4-48B9-89F2-BF68AA42DEB3}.AppStore|Any CPU.Build.0 = Release|Any CPU
		{BC0674A3-80C4-48B9-89F2-BF68AA42DEB3}.AppStore|Any CPU.Deploy.0 = Release|Any CPU
		{BC0674A3-80C4-48B9-89F2-BF68AA42DEB3}.AppStore|ARM.ActiveCfg = Release|ARM
		{BC0674A3-80C4-48B9-89F2-BF68AA42DEB3}.AppStore|ARM.Build.0 = Release|ARM
		{BC0674A3-80C4-48B9-89F2-BF68AA42DEB3}.AppStore|ARM.Deploy.0 = Release|ARM
		{BC0674A3-80C4-48B9-89F2-BF68AA42DEB3}.AppStore|iPhone.ActiveCfg = Release|Any CPU
		{BC0674A3-80C4-48B9-89F2-BF68AA42DEB3}.AppStore|iPhone.Build.0 = Release|Any CPU
		{BC0674A3-80C4-48B9-89F2-BF68AA42DEB3}.AppStore|iPhone.Deploy.0 = Release|Any CPU
		{BC0674A3-80C4-48B9-89F2-BF68AA42DEB3}.AppStore|iPhoneSimulator.ActiveCfg = Release|Any CPU
		{BC0674A3-80C4-48B9-89F2-BF68AA42DEB3}.AppStore|iPhoneSimulator.Build.0 = Release|Any CPU
		{BC0674A3-80C4-48B9-89F2-BF68AA42DEB3}.AppStore|iPhoneSimulator.Deploy.0 = Release|Any CPU
		{BC0674A3-80C4-48B9-89F2-BF68AA42DEB3}.AppStore|x64.ActiveCfg = Release|x64
		{BC0674A3-80C4-48B9-89F2-BF68AA42DEB3}.AppStore|x64.Build.0 = Release|x64
		{BC0674A3-80C4-48B9-89F2-BF68AA42DEB3}.AppStore|x64.Deploy.0 = Release|x64
		{BC0674A3-80C4-48B9-89F2-BF68AA42DEB3}.AppStore|x86.ActiveCfg = Release|x86
		{BC0674A3-80C4-48B9-89F2-BF68AA42DEB3}.AppStore|x86.Build.0 = Release|x86
		{BC0674A3-80C4-48B9-89F2-BF68AA42DEB3}.AppStore|x86.Deploy.0 = Release|x86
		{BC0674A3-80C4-48B9-89F2-BF68AA42DEB3}.Debug|Any CPU.ActiveCfg = Debug|Any CPU
		{BC0674A3-80C4-48B9-89F2-BF68AA42DEB3}.Debug|Any CPU.Build.0 = Debug|Any CPU
		{BC0674A3-80C4-48B9-89F2-BF68AA42DEB3}.Debug|Any CPU.Deploy.0 = Debug|Any CPU
		{BC0674A3-80C4-48B9-89F2-BF68AA42DEB3}.Debug|ARM.ActiveCfg = Debug|ARM
		{BC0674A3-80C4-48B9-89F2-BF68AA42DEB3}.Debug|ARM.Build.0 = Debug|ARM
		{BC0674A3-80C4-48B9-89F2-BF68AA42DEB3}.Debug|ARM.Deploy.0 = Debug|ARM
		{BC0674A3-80C4-48B9-89F2-BF68AA42DEB3}.Debug|iPhone.ActiveCfg = Debug|Any CPU
		{BC0674A3-80C4-48B9-89F2-BF68AA42DEB3}.Debug|iPhone.Build.0 = Debug|Any CPU
		{BC0674A3-80C4-48B9-89F2-BF68AA42DEB3}.Debug|iPhone.Deploy.0 = Debug|Any CPU
		{BC0674A3-80C4-48B9-89F2-BF68AA42DEB3}.Debug|iPhoneSimulator.ActiveCfg = Debug|Any CPU
		{BC0674A3-80C4-48B9-89F2-BF68AA42DEB3}.Debug|iPhoneSimulator.Build.0 = Debug|Any CPU
		{BC0674A3-80C4-48B9-89F2-BF68AA42DEB3}.Debug|iPhoneSimulator.Deploy.0 = Debug|Any CPU
		{BC0674A3-80C4-48B9-89F2-BF68AA42DEB3}.Debug|x64.ActiveCfg = Debug|x64
		{BC0674A3-80C4-48B9-89F2-BF68AA42DEB3}.Debug|x64.Build.0 = Debug|x64
		{BC0674A3-80C4-48B9-89F2-BF68AA42DEB3}.Debug|x64.Deploy.0 = Debug|x64
		{BC0674A3-80C4-48B9-89F2-BF68AA42DEB3}.Debug|x86.ActiveCfg = Debug|x86
		{BC0674A3-80C4-48B9-89F2-BF68AA42DEB3}.Debug|x86.Build.0 = Debug|x86
		{BC0674A3-80C4-48B9-89F2-BF68AA42DEB3}.Debug|x86.Deploy.0 = Debug|x86
		{BC0674A3-80C4-48B9-89F2-BF68AA42DEB3}.Release|Any CPU.ActiveCfg = Release|Any CPU
		{BC0674A3-80C4-48B9-89F2-BF68AA42DEB3}.Release|Any CPU.Build.0 = Release|Any CPU
		{BC0674A3-80C4-48B9-89F2-BF68AA42DEB3}.Release|Any CPU.Deploy.0 = Release|Any CPU
		{BC0674A3-80C4-48B9-89F2-BF68AA42DEB3}.Release|ARM.ActiveCfg = Release|ARM
		{BC0674A3-80C4-48B9-89F2-BF68AA42DEB3}.Release|ARM.Build.0 = Release|ARM
		{BC0674A3-80C4-48B9-89F2-BF68AA42DEB3}.Release|ARM.Deploy.0 = Release|ARM
		{BC0674A3-80C4-48B9-89F2-BF68AA42DEB3}.Release|iPhone.ActiveCfg = Release|Any CPU
		{BC0674A3-80C4-48B9-89F2-BF68AA42DEB3}.Release|iPhone.Build.0 = Release|Any CPU
		{BC0674A3-80C4-48B9-89F2-BF68AA42DEB3}.Release|iPhone.Deploy.0 = Release|Any CPU
		{BC0674A3-80C4-48B9-89F2-BF68AA42DEB3}.Release|iPhoneSimulator.ActiveCfg = Release|Any CPU
		{BC0674A3-80C4-48B9-89F2-BF68AA42DEB3}.Release|iPhoneSimulator.Build.0 = Release|Any CPU
		{BC0674A3-80C4-48B9-89F2-BF68AA42DEB3}.Release|iPhoneSimulator.Deploy.0 = Release|Any CPU
		{BC0674A3-80C4-48B9-89F2-BF68AA42DEB3}.Release|x64.ActiveCfg = Release|x64
		{BC0674A3-80C4-48B9-89F2-BF68AA42DEB3}.Release|x64.Build.0 = Release|x64
		{BC0674A3-80C4-48B9-89F2-BF68AA42DEB3}.Release|x64.Deploy.0 = Release|x64
		{BC0674A3-80C4-48B9-89F2-BF68AA42DEB3}.Release|x86.ActiveCfg = Release|x86
		{BC0674A3-80C4-48B9-89F2-BF68AA42DEB3}.Release|x86.Build.0 = Release|x86
		{BC0674A3-80C4-48B9-89F2-BF68AA42DEB3}.Release|x86.Deploy.0 = Release|x86
	EndGlobalSection
	GlobalSection(SolutionProperties) = preSolution
		HideSolutionNode = FALSE
	EndGlobalSection
EndGlobal
