
Microsoft Visual Studio Solution File, Format Version 12.00
# Visual Studio 14
VisualStudioVersion = 14.0.25420.1
MinimumVisualStudioVersion = 10.0.40219.1
Project("{2150E333-8FDC-42A3-9474-1A3956D46DE8}") = "src", "src", "{45BD1145-196C-4C9C-960A-08841FDF8D1E}"
EndProject
Project("{2150E333-8FDC-42A3-9474-1A3956D46DE8}") = "Solution Items", "Solution Items", "{C8978BC9-308D-4A81-825C-647D7C519749}"
	ProjectSection(SolutionItems) = preProject
		global.json = global.json
	EndProjectSection
EndProject
Project("{8BB2217D-0F2D-49D1-97BC-3654ED321F3B}") = "MvcMovie", "src\MvcMovie\MvcMovie.xproj", "{089701F8-973E-4411-BB9D-67A47572D144}"
EndProject
Global
	GlobalSection(SolutionConfigurationPlatforms) = preSolution
		Debug|Any CPU = Debug|Any CPU
		Release|Any CPU = Release|Any CPU
	EndGlobalSection
	GlobalSection(ProjectConfigurationPlatforms) = postSolution
		{089701F8-973E-4411-BB9D-67A47572D144}.Debug|Any CPU.ActiveCfg = Debug|Any CPU
		{089701F8-973E-4411-BB9D-67A47572D144}.Debug|Any CPU.Build.0 = Debug|Any CPU
		{089701F8-973E-4411-BB9D-67A47572D144}.Release|Any CPU.ActiveCfg = Release|Any CPU
		{089701F8-973E-4411-BB9D-67A47572D144}.Release|Any CPU.Build.0 = Release|Any CPU
	EndGlobalSection
	GlobalSection(SolutionProperties) = preSolution
		HideSolutionNode = FALSE
	EndGlobalSection
	GlobalSection(NestedProjects) = preSolution
		{089701F8-973E-4411-BB9D-67A47572D144} = {45BD1145-196C-4C9C-960A-08841FDF8D1E}
	EndGlobalSection
EndGlobal
